
Microsoft Visual Studio Solution File, Format Version 12.00
# Visual Studio Version 17
VisualStudioVersion = 17.8.34408.163
MinimumVisualStudioVersion = 10.0.40219.1
Project("{9A19103F-16F7-4668-BE54-9A1E7A4F7556}") = "MatLab_OptimizationAlgorithms", "MatLab_OptimizationAlgorithms.csproj", "{3797B1C2-8E01-4E09-A456-F8EF513EC13A}"
EndProject
Project("{2150E333-8FDC-42A3-9474-1A3956D46DE8}") = "Элементы решения", "Элементы решения", "{1CB690F8-8635-40AD-94D5-E7825B84A6F4}"
	ProjectSection(SolutionItems) = preProject
		prompt.txt = prompt.txt
	EndProjectSection
EndProject
Global
	GlobalSection(SolutionConfigurationPlatforms) = preSolution
		Debug|Any CPU = Debug|Any CPU
		Debug|x86 = Debug|x86
		Release|Any CPU = Release|Any CPU
		Release|x86 = Release|x86
	EndGlobalSection
	GlobalSection(ProjectConfigurationPlatforms) = postSolution
		{3797B1C2-8E01-4E09-A456-F8EF513EC13A}.Debug|Any CPU.ActiveCfg = Debug|Any CPU
		{3797B1C2-8E01-4E09-A456-F8EF513EC13A}.Debug|Any CPU.Build.0 = Debug|Any CPU
		{3797B1C2-8E01-4E09-A456-F8EF513EC13A}.Debug|x86.ActiveCfg = Debug|Any CPU
		{3797B1C2-8E01-4E09-A456-F8EF513EC13A}.Debug|x86.Build.0 = Debug|Any CPU
		{3797B1C2-8E01-4E09-A456-F8EF513EC13A}.Release|Any CPU.ActiveCfg = Release|Any CPU
		{3797B1C2-8E01-4E09-A456-F8EF513EC13A}.Release|Any CPU.Build.0 = Release|Any CPU
		{3797B1C2-8E01-4E09-A456-F8EF513EC13A}.Release|x86.ActiveCfg = Release|x86
		{3797B1C2-8E01-4E09-A456-F8EF513EC13A}.Release|x86.Build.0 = Release|x86
	EndGlobalSection
	GlobalSection(SolutionProperties) = preSolution
		HideSolutionNode = FALSE
	EndGlobalSection
	GlobalSection(ExtensibilityGlobals) = postSolution
		SolutionGuid = {30803DE6-293C-4D97-97A6-E3E52C3DAF24}
	EndGlobalSection
EndGlobal
